// !$*UTF8*$!
{
	archiveVersion = 1;
	classes = {
	};
	objectVersion = 46;
	objects = {

/* Begin PBXBuildFile section */
		294E36D81D5CBB4D002230DF /* AvatarImageViewConfigurationTests.swift in Sources */ = {isa = PBXBuildFile; fileRef = 294E36D71D5CBB4D002230DF /* AvatarImageViewConfigurationTests.swift */; };
		294E36DD1D5CBEFF002230DF /* TestData.swift in Sources */ = {isa = PBXBuildFile; fileRef = 294E36DC1D5CBEFF002230DF /* TestData.swift */; };
		294E36E01D5CC7E8002230DF /* SaveImageUtility.swift in Sources */ = {isa = PBXBuildFile; fileRef = 294E36DF1D5CC7E8002230DF /* SaveImageUtility.swift */; };
		294E36E21D5CD117002230DF /* TestAssets.xcassets in Resources */ = {isa = PBXBuildFile; fileRef = 294E36E11D5CD117002230DF /* TestAssets.xcassets */; };
		294E36E41D5CD7A9002230DF /* UIImage+TestUtils.swift in Sources */ = {isa = PBXBuildFile; fileRef = 294E36E31D5CD7A9002230DF /* UIImage+TestUtils.swift */; };
		2A0C2B331D5BAA98008027CA /* AvatarImageView.h in Headers */ = {isa = PBXBuildFile; fileRef = 2A0C2B321D5BAA98008027CA /* AvatarImageView.h */; settings = {ATTRIBUTES = (Public, ); }; };
		2A0C2B3A1D5BAA98008027CA /* AvatarImageView.framework in Frameworks */ = {isa = PBXBuildFile; fileRef = 2A0C2B2F1D5BAA98008027CA /* AvatarImageView.framework */; };
		2A0C2B3F1D5BAA98008027CA /* AvatarImageViewTests.swift in Sources */ = {isa = PBXBuildFile; fileRef = 2A0C2B3E1D5BAA98008027CA /* AvatarImageViewTests.swift */; };
		2A0C2B4B1D5BAABD008027CA /* AvatarImageView.swift in Sources */ = {isa = PBXBuildFile; fileRef = 2A0C2B491D5BAABD008027CA /* AvatarImageView.swift */; };
		2A0C2B4C1D5BAABD008027CA /* AvatarImageViewConfiguration.swift in Sources */ = {isa = PBXBuildFile; fileRef = 2A0C2B4A1D5BAABD008027CA /* AvatarImageViewConfiguration.swift */; };
		2A60884C1D6230AA0061EE0E /* ColorCache.swift in Sources */ = {isa = PBXBuildFile; fileRef = 2A60884B1D6230AA0061EE0E /* ColorCache.swift */; };
/* End PBXBuildFile section */

/* Begin PBXContainerItemProxy section */
		2A0C2B3B1D5BAA98008027CA /* PBXContainerItemProxy */ = {
			isa = PBXContainerItemProxy;
			containerPortal = 2A0C2B261D5BAA98008027CA /* Project object */;
			proxyType = 1;
			remoteGlobalIDString = 2A0C2B2E1D5BAA98008027CA;
			remoteInfo = AvatarImageView;
		};
/* End PBXContainerItemProxy section */

/* Begin PBXFileReference section */
		294E36D71D5CBB4D002230DF /* AvatarImageViewConfigurationTests.swift */ = {isa = PBXFileReference; fileEncoding = 4; lastKnownFileType = sourcecode.swift; path = AvatarImageViewConfigurationTests.swift; sourceTree = "<group>"; };
		294E36DC1D5CBEFF002230DF /* TestData.swift */ = {isa = PBXFileReference; fileEncoding = 4; lastKnownFileType = sourcecode.swift; path = TestData.swift; sourceTree = "<group>"; };
		294E36DF1D5CC7E8002230DF /* SaveImageUtility.swift */ = {isa = PBXFileReference; fileEncoding = 4; lastKnownFileType = sourcecode.swift; path = SaveImageUtility.swift; sourceTree = "<group>"; };
		294E36E11D5CD117002230DF /* TestAssets.xcassets */ = {isa = PBXFileReference; lastKnownFileType = folder.assetcatalog; path = TestAssets.xcassets; sourceTree = "<group>"; };
		294E36E31D5CD7A9002230DF /* UIImage+TestUtils.swift */ = {isa = PBXFileReference; fileEncoding = 4; lastKnownFileType = sourcecode.swift; path = "UIImage+TestUtils.swift"; sourceTree = "<group>"; };
		2A0C2B2F1D5BAA98008027CA /* AvatarImageView.framework */ = {isa = PBXFileReference; explicitFileType = wrapper.framework; includeInIndex = 0; path = AvatarImageView.framework; sourceTree = BUILT_PRODUCTS_DIR; };
		2A0C2B321D5BAA98008027CA /* AvatarImageView.h */ = {isa = PBXFileReference; lastKnownFileType = sourcecode.c.h; path = AvatarImageView.h; sourceTree = "<group>"; };
		2A0C2B341D5BAA98008027CA /* Info.plist */ = {isa = PBXFileReference; lastKnownFileType = text.plist.xml; path = Info.plist; sourceTree = "<group>"; };
		2A0C2B391D5BAA98008027CA /* AvatarImageViewTests.xctest */ = {isa = PBXFileReference; explicitFileType = wrapper.cfbundle; includeInIndex = 0; path = AvatarImageViewTests.xctest; sourceTree = BUILT_PRODUCTS_DIR; };
		2A0C2B3E1D5BAA98008027CA /* AvatarImageViewTests.swift */ = {isa = PBXFileReference; lastKnownFileType = sourcecode.swift; path = AvatarImageViewTests.swift; sourceTree = "<group>"; };
		2A0C2B401D5BAA98008027CA /* Info.plist */ = {isa = PBXFileReference; lastKnownFileType = text.plist.xml; path = Info.plist; sourceTree = "<group>"; };
		2A0C2B491D5BAABD008027CA /* AvatarImageView.swift */ = {isa = PBXFileReference; fileEncoding = 4; lastKnownFileType = sourcecode.swift; path = AvatarImageView.swift; sourceTree = "<group>"; };
		2A0C2B4A1D5BAABD008027CA /* AvatarImageViewConfiguration.swift */ = {isa = PBXFileReference; fileEncoding = 4; lastKnownFileType = sourcecode.swift; path = AvatarImageViewConfiguration.swift; sourceTree = "<group>"; };
		2A60884B1D6230AA0061EE0E /* ColorCache.swift */ = {isa = PBXFileReference; fileEncoding = 4; lastKnownFileType = sourcecode.swift; path = ColorCache.swift; sourceTree = "<group>"; };
/* End PBXFileReference section */

/* Begin PBXFrameworksBuildPhase section */
		2A0C2B2B1D5BAA98008027CA /* Frameworks */ = {
			isa = PBXFrameworksBuildPhase;
			buildActionMask = 2147483647;
			files = (
			);
			runOnlyForDeploymentPostprocessing = 0;
		};
		2A0C2B361D5BAA98008027CA /* Frameworks */ = {
			isa = PBXFrameworksBuildPhase;
			buildActionMask = 2147483647;
			files = (
				2A0C2B3A1D5BAA98008027CA /* AvatarImageView.framework in Frameworks */,
			);
			runOnlyForDeploymentPostprocessing = 0;
		};
/* End PBXFrameworksBuildPhase section */

/* Begin PBXGroup section */
		294E36D91D5CBEDB002230DF /* Tests */ = {
			isa = PBXGroup;
			children = (
				2A0C2B3E1D5BAA98008027CA /* AvatarImageViewTests.swift */,
				294E36D71D5CBB4D002230DF /* AvatarImageViewConfigurationTests.swift */,
			);
			name = Tests;
			sourceTree = "<group>";
		};
		294E36DA1D5CBEE0002230DF /* Test Objects */ = {
			isa = PBXGroup;
			children = (
				294E36DC1D5CBEFF002230DF /* TestData.swift */,
			);
			name = "Test Objects";
			sourceTree = "<group>";
		};
		294E36DB1D5CBEE9002230DF /* Supporting Files */ = {
			isa = PBXGroup;
			children = (
				294E36E11D5CD117002230DF /* TestAssets.xcassets */,
				2A0C2B401D5BAA98008027CA /* Info.plist */,
			);
			name = "Supporting Files";
			sourceTree = "<group>";
		};
		294E36DE1D5CC7CB002230DF /* Utilities */ = {
			isa = PBXGroup;
			children = (
				294E36DF1D5CC7E8002230DF /* SaveImageUtility.swift */,
				294E36E31D5CD7A9002230DF /* UIImage+TestUtils.swift */,
			);
			name = Utilities;
			sourceTree = "<group>";
		};
		2A0C2B251D5BAA98008027CA = {
			isa = PBXGroup;
			children = (
				2A0C2B311D5BAA98008027CA /* AvatarImageView */,
				2A0C2B3D1D5BAA98008027CA /* AvatarImageViewTests */,
				2A0C2B301D5BAA98008027CA /* Products */,
			);
			sourceTree = "<group>";
		};
		2A0C2B301D5BAA98008027CA /* Products */ = {
			isa = PBXGroup;
			children = (
				2A0C2B2F1D5BAA98008027CA /* AvatarImageView.framework */,
				2A0C2B391D5BAA98008027CA /* AvatarImageViewTests.xctest */,
			);
			name = Products;
			sourceTree = "<group>";
		};
		2A0C2B311D5BAA98008027CA /* AvatarImageView */ = {
			isa = PBXGroup;
			children = (
				2A0C2B491D5BAABD008027CA /* AvatarImageView.swift */,
				2A0C2B4A1D5BAABD008027CA /* AvatarImageViewConfiguration.swift */,
				2A60884B1D6230AA0061EE0E /* ColorCache.swift */,
				2A0C2B321D5BAA98008027CA /* AvatarImageView.h */,
				2A0C2B341D5BAA98008027CA /* Info.plist */,
			);
			path = AvatarImageView;
			sourceTree = "<group>";
		};
		2A0C2B3D1D5BAA98008027CA /* AvatarImageViewTests */ = {
			isa = PBXGroup;
			children = (
				294E36DE1D5CC7CB002230DF /* Utilities */,
				294E36DA1D5CBEE0002230DF /* Test Objects */,
				294E36D91D5CBEDB002230DF /* Tests */,
				294E36DB1D5CBEE9002230DF /* Supporting Files */,
			);
			path = AvatarImageViewTests;
			sourceTree = "<group>";
		};
/* End PBXGroup section */

/* Begin PBXHeadersBuildPhase section */
		2A0C2B2C1D5BAA98008027CA /* Headers */ = {
			isa = PBXHeadersBuildPhase;
			buildActionMask = 2147483647;
			files = (
				2A0C2B331D5BAA98008027CA /* AvatarImageView.h in Headers */,
			);
			runOnlyForDeploymentPostprocessing = 0;
		};
/* End PBXHeadersBuildPhase section */

/* Begin PBXNativeTarget section */
		2A0C2B2E1D5BAA98008027CA /* AvatarImageView */ = {
			isa = PBXNativeTarget;
			buildConfigurationList = 2A0C2B431D5BAA98008027CA /* Build configuration list for PBXNativeTarget "AvatarImageView" */;
			buildPhases = (
				2A0C2B2A1D5BAA98008027CA /* Sources */,
				2A0C2B2B1D5BAA98008027CA /* Frameworks */,
				2A0C2B2C1D5BAA98008027CA /* Headers */,
				2A0C2B2D1D5BAA98008027CA /* Resources */,
			);
			buildRules = (
			);
			dependencies = (
			);
			name = AvatarImageView;
			productName = AvatarImageView;
			productReference = 2A0C2B2F1D5BAA98008027CA /* AvatarImageView.framework */;
			productType = "com.apple.product-type.framework";
		};
		2A0C2B381D5BAA98008027CA /* AvatarImageViewTests */ = {
			isa = PBXNativeTarget;
			buildConfigurationList = 2A0C2B461D5BAA98008027CA /* Build configuration list for PBXNativeTarget "AvatarImageViewTests" */;
			buildPhases = (
				2A0C2B351D5BAA98008027CA /* Sources */,
				2A0C2B361D5BAA98008027CA /* Frameworks */,
				2A0C2B371D5BAA98008027CA /* Resources */,
			);
			buildRules = (
			);
			dependencies = (
				2A0C2B3C1D5BAA98008027CA /* PBXTargetDependency */,
			);
			name = AvatarImageViewTests;
			productName = AvatarImageViewTests;
			productReference = 2A0C2B391D5BAA98008027CA /* AvatarImageViewTests.xctest */;
			productType = "com.apple.product-type.bundle.unit-test";
		};
/* End PBXNativeTarget section */

/* Begin PBXProject section */
		2A0C2B261D5BAA98008027CA /* Project object */ = {
			isa = PBXProject;
			attributes = {
				LastSwiftUpdateCheck = 0730;
				LastUpgradeCheck = 0800;
				ORGANIZATIONNAME = "Ayush Newatia";
				TargetAttributes = {
					2A0C2B2E1D5BAA98008027CA = {
						CreatedOnToolsVersion = 7.3.1;
						LastSwiftMigration = 0800;
					};
					2A0C2B381D5BAA98008027CA = {
						CreatedOnToolsVersion = 7.3.1;
						LastSwiftMigration = 0800;
					};
				};
			};
			buildConfigurationList = 2A0C2B291D5BAA98008027CA /* Build configuration list for PBXProject "AvatarImageView" */;
			compatibilityVersion = "Xcode 3.2";
			developmentRegion = English;
			hasScannedForEncodings = 0;
			knownRegions = (
				en,
			);
			mainGroup = 2A0C2B251D5BAA98008027CA;
			productRefGroup = 2A0C2B301D5BAA98008027CA /* Products */;
			projectDirPath = "";
			projectRoot = "";
			targets = (
				2A0C2B2E1D5BAA98008027CA /* AvatarImageView */,
				2A0C2B381D5BAA98008027CA /* AvatarImageViewTests */,
			);
		};
/* End PBXProject section */

/* Begin PBXResourcesBuildPhase section */
		2A0C2B2D1D5BAA98008027CA /* Resources */ = {
			isa = PBXResourcesBuildPhase;
			buildActionMask = 2147483647;
			files = (
			);
			runOnlyForDeploymentPostprocessing = 0;
		};
		2A0C2B371D5BAA98008027CA /* Resources */ = {
			isa = PBXResourcesBuildPhase;
			buildActionMask = 2147483647;
			files = (
				294E36E21D5CD117002230DF /* TestAssets.xcassets in Resources */,
			);
			runOnlyForDeploymentPostprocessing = 0;
		};
/* End PBXResourcesBuildPhase section */

/* Begin PBXSourcesBuildPhase section */
		2A0C2B2A1D5BAA98008027CA /* Sources */ = {
			isa = PBXSourcesBuildPhase;
			buildActionMask = 2147483647;
			files = (
				2A0C2B4C1D5BAABD008027CA /* AvatarImageViewConfiguration.swift in Sources */,
				2A60884C1D6230AA0061EE0E /* ColorCache.swift in Sources */,
				2A0C2B4B1D5BAABD008027CA /* AvatarImageView.swift in Sources */,
			);
			runOnlyForDeploymentPostprocessing = 0;
		};
		2A0C2B351D5BAA98008027CA /* Sources */ = {
			isa = PBXSourcesBuildPhase;
			buildActionMask = 2147483647;
			files = (
				294E36DD1D5CBEFF002230DF /* TestData.swift in Sources */,
				294E36D81D5CBB4D002230DF /* AvatarImageViewConfigurationTests.swift in Sources */,
				294E36E41D5CD7A9002230DF /* UIImage+TestUtils.swift in Sources */,
				2A0C2B3F1D5BAA98008027CA /* AvatarImageViewTests.swift in Sources */,
				294E36E01D5CC7E8002230DF /* SaveImageUtility.swift in Sources */,
			);
			runOnlyForDeploymentPostprocessing = 0;
		};
/* End PBXSourcesBuildPhase section */

/* Begin PBXTargetDependency section */
		2A0C2B3C1D5BAA98008027CA /* PBXTargetDependency */ = {
			isa = PBXTargetDependency;
			target = 2A0C2B2E1D5BAA98008027CA /* AvatarImageView */;
			targetProxy = 2A0C2B3B1D5BAA98008027CA /* PBXContainerItemProxy */;
		};
/* End PBXTargetDependency section */

/* Begin XCBuildConfiguration section */
		2A0C2B411D5BAA98008027CA /* Debug */ = {
			isa = XCBuildConfiguration;
			buildSettings = {
				ALWAYS_SEARCH_USER_PATHS = NO;
				CLANG_ANALYZER_NONNULL = YES;
				CLANG_CXX_LANGUAGE_STANDARD = "gnu++0x";
				CLANG_CXX_LIBRARY = "libc++";
				CLANG_ENABLE_MODULES = YES;
				CLANG_ENABLE_OBJC_ARC = YES;
				CLANG_WARN_BOOL_CONVERSION = YES;
				CLANG_WARN_CONSTANT_CONVERSION = YES;
				CLANG_WARN_DIRECT_OBJC_ISA_USAGE = YES_ERROR;
				CLANG_WARN_EMPTY_BODY = YES;
				CLANG_WARN_ENUM_CONVERSION = YES;
				CLANG_WARN_INFINITE_RECURSION = YES;
				CLANG_WARN_INT_CONVERSION = YES;
				CLANG_WARN_OBJC_ROOT_CLASS = YES_ERROR;
				CLANG_WARN_SUSPICIOUS_MOVE = YES;
				CLANG_WARN_UNREACHABLE_CODE = YES;
				CLANG_WARN__DUPLICATE_METHOD_MATCH = YES;
				"CODE_SIGN_IDENTITY[sdk=iphoneos*]" = "iPhone Developer";
				COPY_PHASE_STRIP = NO;
				CURRENT_PROJECT_VERSION = 1;
				DEBUG_INFORMATION_FORMAT = dwarf;
				ENABLE_STRICT_OBJC_MSGSEND = YES;
				ENABLE_TESTABILITY = YES;
				GCC_C_LANGUAGE_STANDARD = gnu99;
				GCC_DYNAMIC_NO_PIC = NO;
				GCC_NO_COMMON_BLOCKS = YES;
				GCC_OPTIMIZATION_LEVEL = 0;
				GCC_PREPROCESSOR_DEFINITIONS = (
					"DEBUG=1",
					"$(inherited)",
				);
				GCC_WARN_64_TO_32_BIT_CONVERSION = YES;
				GCC_WARN_ABOUT_RETURN_TYPE = YES_ERROR;
				GCC_WARN_UNDECLARED_SELECTOR = YES;
				GCC_WARN_UNINITIALIZED_AUTOS = YES_AGGRESSIVE;
				GCC_WARN_UNUSED_FUNCTION = YES;
				GCC_WARN_UNUSED_VARIABLE = YES;
				IPHONEOS_DEPLOYMENT_TARGET = 8.0;
				MTL_ENABLE_DEBUG_INFO = YES;
				ONLY_ACTIVE_ARCH = YES;
				SDKROOT = iphoneos;
				SWIFT_OPTIMIZATION_LEVEL = "-Onone";
				SWIFT_VERSION = 3.0;
				TARGETED_DEVICE_FAMILY = "1,2";
				VERSIONING_SYSTEM = "apple-generic";
				VERSION_INFO_PREFIX = "";
			};
			name = Debug;
		};
		2A0C2B421D5BAA98008027CA /* Release */ = {
			isa = XCBuildConfiguration;
			buildSettings = {
				ALWAYS_SEARCH_USER_PATHS = NO;
				CLANG_ANALYZER_NONNULL = YES;
				CLANG_CXX_LANGUAGE_STANDARD = "gnu++0x";
				CLANG_CXX_LIBRARY = "libc++";
				CLANG_ENABLE_MODULES = YES;
				CLANG_ENABLE_OBJC_ARC = YES;
				CLANG_WARN_BOOL_CONVERSION = YES;
				CLANG_WARN_CONSTANT_CONVERSION = YES;
				CLANG_WARN_DIRECT_OBJC_ISA_USAGE = YES_ERROR;
				CLANG_WARN_EMPTY_BODY = YES;
				CLANG_WARN_ENUM_CONVERSION = YES;
				CLANG_WARN_INFINITE_RECURSION = YES;
				CLANG_WARN_INT_CONVERSION = YES;
				CLANG_WARN_OBJC_ROOT_CLASS = YES_ERROR;
				CLANG_WARN_SUSPICIOUS_MOVE = YES;
				CLANG_WARN_UNREACHABLE_CODE = YES;
				CLANG_WARN__DUPLICATE_METHOD_MATCH = YES;
				"CODE_SIGN_IDENTITY[sdk=iphoneos*]" = "iPhone Developer";
				COPY_PHASE_STRIP = NO;
				CURRENT_PROJECT_VERSION = 1;
				DEBUG_INFORMATION_FORMAT = "dwarf-with-dsym";
				ENABLE_NS_ASSERTIONS = NO;
				ENABLE_STRICT_OBJC_MSGSEND = YES;
				GCC_C_LANGUAGE_STANDARD = gnu99;
				GCC_NO_COMMON_BLOCKS = YES;
				GCC_WARN_64_TO_32_BIT_CONVERSION = YES;
				GCC_WARN_ABOUT_RETURN_TYPE = YES_ERROR;
				GCC_WARN_UNDECLARED_SELECTOR = YES;
				GCC_WARN_UNINITIALIZED_AUTOS = YES_AGGRESSIVE;
				GCC_WARN_UNUSED_FUNCTION = YES;
				GCC_WARN_UNUSED_VARIABLE = YES;
				IPHONEOS_DEPLOYMENT_TARGET = 8.0;
				MTL_ENABLE_DEBUG_INFO = NO;
				SDKROOT = iphoneos;
				SWIFT_OPTIMIZATION_LEVEL = "-Owholemodule";
				SWIFT_VERSION = 3.0;
				TARGETED_DEVICE_FAMILY = "1,2";
				VALIDATE_PRODUCT = YES;
				VERSIONING_SYSTEM = "apple-generic";
				VERSION_INFO_PREFIX = "";
			};
			name = Release;
		};
		2A0C2B441D5BAA98008027CA /* Debug */ = {
			isa = XCBuildConfiguration;
			buildSettings = {
				CLANG_ENABLE_MODULES = YES;
				"CODE_SIGN_IDENTITY[sdk=iphoneos*]" = "";
				DEFINES_MODULE = YES;
				DYLIB_COMPATIBILITY_VERSION = 1;
				DYLIB_CURRENT_VERSION = 1;
				DYLIB_INSTALL_NAME_BASE = "@rpath";
				INFOPLIST_FILE = AvatarImageView/Info.plist;
				INSTALL_PATH = "$(LOCAL_LIBRARY_DIR)/Frameworks";
				LD_RUNPATH_SEARCH_PATHS = "$(inherited) @executable_path/Frameworks @loader_path/Frameworks";
				PRODUCT_BUNDLE_IDENTIFIER = com.spectrum.AvatarImageView;
				PRODUCT_NAME = "$(TARGET_NAME)";
				SKIP_INSTALL = YES;
				SWIFT_OPTIMIZATION_LEVEL = "-Onone";
				SWIFT_VERSION = 3.0;
			};
			name = Debug;
		};
		2A0C2B451D5BAA98008027CA /* Release */ = {
			isa = XCBuildConfiguration;
			buildSettings = {
				CLANG_ENABLE_MODULES = YES;
				"CODE_SIGN_IDENTITY[sdk=iphoneos*]" = "";
				DEFINES_MODULE = YES;
				DYLIB_COMPATIBILITY_VERSION = 1;
				DYLIB_CURRENT_VERSION = 1;
				DYLIB_INSTALL_NAME_BASE = "@rpath";
				INFOPLIST_FILE = AvatarImageView/Info.plist;
				INSTALL_PATH = "$(LOCAL_LIBRARY_DIR)/Frameworks";
				LD_RUNPATH_SEARCH_PATHS = "$(inherited) @executable_path/Frameworks @loader_path/Frameworks";
				PRODUCT_BUNDLE_IDENTIFIER = com.spectrum.AvatarImageView;
				PRODUCT_NAME = "$(TARGET_NAME)";
				SKIP_INSTALL = YES;
				SWIFT_VERSION = 3.0;
			};
			name = Release;
		};
		2A0C2B471D5BAA98008027CA /* Debug */ = {
			isa = XCBuildConfiguration;
			buildSettings = {
				INFOPLIST_FILE = AvatarImageViewTests/Info.plist;
				LD_RUNPATH_SEARCH_PATHS = "$(inherited) @executable_path/Frameworks @loader_path/Frameworks";
				PRODUCT_BUNDLE_IDENTIFIER = com.spectrum.AvatarImageViewTests;
				PRODUCT_NAME = "$(TARGET_NAME)";
				SWIFT_VERSION = 3.0;
			};
			name = Debug;
		};
		2A0C2B481D5BAA98008027CA /* Release */ = {
			isa = XCBuildConfiguration;
			buildSettings = {
				INFOPLIST_FILE = AvatarImageViewTests/Info.plist;
				LD_RUNPATH_SEARCH_PATHS = "$(inherited) @executable_path/Frameworks @loader_path/Frameworks";
				PRODUCT_BUNDLE_IDENTIFIER = com.spectrum.AvatarImageViewTests;
				PRODUCT_NAME = "$(TARGET_NAME)";
				SWIFT_VERSION = 3.0;
			};
			name = Release;
		};
/* End XCBuildConfiguration section */

/* Begin XCConfigurationList section */
		2A0C2B291D5BAA98008027CA /* Build configuration list for PBXProject "AvatarImageView" */ = {
			isa = XCConfigurationList;
			buildConfigurations = (
				2A0C2B411D5BAA98008027CA /* Debug */,
				2A0C2B421D5BAA98008027CA /* Release */,
			);
			defaultConfigurationIsVisible = 0;
			defaultConfigurationName = Release;
		};
		2A0C2B431D5BAA98008027CA /* Build configuration list for PBXNativeTarget "AvatarImageView" */ = {
			isa = XCConfigurationList;
			buildConfigurations = (
				2A0C2B441D5BAA98008027CA /* Debug */,
				2A0C2B451D5BAA98008027CA /* Release */,
			);
			defaultConfigurationIsVisible = 0;
			defaultConfigurationName = Release;
		};
		2A0C2B461D5BAA98008027CA /* Build configuration list for PBXNativeTarget "AvatarImageViewTests" */ = {
			isa = XCConfigurationList;
			buildConfigurations = (
				2A0C2B471D5BAA98008027CA /* Debug */,
				2A0C2B481D5BAA98008027CA /* Release */,
			);
			defaultConfigurationIsVisible = 0;
			defaultConfigurationName = Release;
		};
/* End XCConfigurationList section */
	};
	rootObject = 2A0C2B261D5BAA98008027CA /* Project object */;
}
